
Microsoft Visual Studio Solution File, Format Version 12.00
# Visual Studio Version 17
VisualStudioVersion = 17.11.35312.102
MinimumVisualStudioVersion = 10.0.40219.1
Project("{FAE04EC0-301F-11D3-BF4B-00C04F79EFBC}") = "ReactApp1.Server", "ReactApp1.Server\ReactApp1.Server.csproj", "{165F2FE2-5DCC-40CA-A25A-E8247F6D7835}"
EndProject
Project("{54A90642-561A-4BB1-A94E-469ADEE60C69}") = "reactapp1.client", "reactapp1.client\reactapp1.client.esproj", "{A74747C2-82D5-4C59-AACF-F0853B5FCD12}"
EndProject
Global
	GlobalSection(SolutionConfigurationPlatforms) = preSolution
		Debug|Any CPU = Debug|Any CPU
		Release|Any CPU = Release|Any CPU
	EndGlobalSection
	GlobalSection(ProjectConfigurationPlatforms) = postSolution
		{165F2FE2-5DCC-40CA-A25A-E8247F6D7835}.Debug|Any CPU.ActiveCfg = Debug|Any CPU
		{165F2FE2-5DCC-40CA-A25A-E8247F6D7835}.Debug|Any CPU.Build.0 = Debug|Any CPU
		{165F2FE2-5DCC-40CA-A25A-E8247F6D7835}.Release|Any CPU.ActiveCfg = Release|Any CPU
		{165F2FE2-5DCC-40CA-A25A-E8247F6D7835}.Release|Any CPU.Build.0 = Release|Any CPU
		{A74747C2-82D5-4C59-AACF-F0853B5FCD12}.Debug|Any CPU.ActiveCfg = Debug|Any CPU
		{A74747C2-82D5-4C59-AACF-F0853B5FCD12}.Debug|Any CPU.Build.0 = Debug|Any CPU
		{A74747C2-82D5-4C59-AACF-F0853B5FCD12}.Debug|Any CPU.Deploy.0 = Debug|Any CPU
		{A74747C2-82D5-4C59-AACF-F0853B5FCD12}.Release|Any CPU.ActiveCfg = Release|Any CPU
		{A74747C2-82D5-4C59-AACF-F0853B5FCD12}.Release|Any CPU.Build.0 = Release|Any CPU
		{A74747C2-82D5-4C59-AACF-F0853B5FCD12}.Release|Any CPU.Deploy.0 = Release|Any CPU
	EndGlobalSection
	GlobalSection(SolutionProperties) = preSolution
		HideSolutionNode = FALSE
	EndGlobalSection
	GlobalSection(ExtensibilityGlobals) = postSolution
		SolutionGuid = {DCEA0623-561F-4C55-A483-5B341ADDC22C}
	EndGlobalSection
EndGlobal
